
Microsoft Visual Studio Solution File, Format Version 12.00
# Visual Studio Version 17
VisualStudioVersion = 17.14.36310.24
MinimumVisualStudioVersion = 10.0.40219.1
Project("{FAE04EC0-301F-11D3-BF4B-00C04F79EFBC}") = "Experiment.Nan.CUI", "Experiment.Nan.CUI\Experiment.Nan.CUI.csproj", "{13332D03-3CBD-4D13-818E-749371AC89D3}"
EndProject
Project("{FAE04EC0-301F-11D3-BF4B-00C04F79EFBC}") = "Experiment.FloatingMinMax", "Experiment.FloatingMinMax\Experiment.FloatingMinMax.csproj", "{9E059DE4-3149-4AC9-8F80-1BF74F0D4A31}"
EndProject
Global
	GlobalSection(SolutionConfigurationPlatforms) = preSolution
		Debug|Any CPU = Debug|Any CPU
		Release|Any CPU = Release|Any CPU
	EndGlobalSection
	GlobalSection(ProjectConfigurationPlatforms) = postSolution
		{13332D03-3CBD-4D13-818E-749371AC89D3}.Debug|Any CPU.ActiveCfg = Debug|Any CPU
		{13332D03-3CBD-4D13-818E-749371AC89D3}.Debug|Any CPU.Build.0 = Debug|Any CPU
		{13332D03-3CBD-4D13-818E-749371AC89D3}.Release|Any CPU.ActiveCfg = Release|Any CPU
		{13332D03-3CBD-4D13-818E-749371AC89D3}.Release|Any CPU.Build.0 = Release|Any CPU
		{9E059DE4-3149-4AC9-8F80-1BF74F0D4A31}.Debug|Any CPU.ActiveCfg = Debug|Any CPU
		{9E059DE4-3149-4AC9-8F80-1BF74F0D4A31}.Debug|Any CPU.Build.0 = Debug|Any CPU
		{9E059DE4-3149-4AC9-8F80-1BF74F0D4A31}.Release|Any CPU.ActiveCfg = Release|Any CPU
		{9E059DE4-3149-4AC9-8F80-1BF74F0D4A31}.Release|Any CPU.Build.0 = Release|Any CPU
	EndGlobalSection
	GlobalSection(SolutionProperties) = preSolution
		HideSolutionNode = FALSE
	EndGlobalSection
	GlobalSection(ExtensibilityGlobals) = postSolution
		SolutionGuid = {3391D9B7-1363-4F7D-B184-3EAB1CCE9485}
	EndGlobalSection
EndGlobal
